// !$*UTF8*$!
{
	archiveVersion = 1;
	classes = {
	};
	objectVersion = 51;
	objects = {

/* Begin PBXBuildFile section */
		15029F5480116C0CBF6BC3B7 /* Pods_SwiftNetworkingTemp.framework in Frameworks */ = {isa = PBXBuildFile; fileRef = D65B0210E505575321E324B4 /* Pods_SwiftNetworkingTemp.framework */; };
		FE35C57F2657591100CD2C4F /* AppDelegate.swift in Sources */ = {isa = PBXBuildFile; fileRef = FE35C57E2657591100CD2C4F /* AppDelegate.swift */; };
		FE35C5812657591100CD2C4F /* SceneDelegate.swift in Sources */ = {isa = PBXBuildFile; fileRef = FE35C5802657591100CD2C4F /* SceneDelegate.swift */; };
		FE35C5832657591100CD2C4F /* ViewController.swift in Sources */ = {isa = PBXBuildFile; fileRef = FE35C5822657591100CD2C4F /* ViewController.swift */; };
		FE35C5862657591100CD2C4F /* Main.storyboard in Resources */ = {isa = PBXBuildFile; fileRef = FE35C5842657591100CD2C4F /* Main.storyboard */; };
		FE35C5882657591200CD2C4F /* Assets.xcassets in Resources */ = {isa = PBXBuildFile; fileRef = FE35C5872657591200CD2C4F /* Assets.xcassets */; };
		FE35C58B2657591200CD2C4F /* LaunchScreen.storyboard in Resources */ = {isa = PBXBuildFile; fileRef = FE35C5892657591200CD2C4F /* LaunchScreen.storyboard */; };
		FE35C5A326575F3D00CD2C4F /* Constants.swift in Sources */ = {isa = PBXBuildFile; fileRef = FE35C59326575F3D00CD2C4F /* Constants.swift */; };
		FE35C5A426575F3D00CD2C4F /* AuthCredentialManger.swift in Sources */ = {isa = PBXBuildFile; fileRef = FE35C59426575F3D00CD2C4F /* AuthCredentialManger.swift */; };
		FE35C5A526575F3D00CD2C4F /* APIError.swift in Sources */ = {isa = PBXBuildFile; fileRef = FE35C59526575F3D00CD2C4F /* APIError.swift */; };
		FE35C5A626575F3D00CD2C4F /* RequestRetryHandler.swift in Sources */ = {isa = PBXBuildFile; fileRef = FE35C59626575F3D00CD2C4F /* RequestRetryHandler.swift */; };
		FE35C5A726575F3D00CD2C4F /* ResponseMappable.swift in Sources */ = {isa = PBXBuildFile; fileRef = FE35C59726575F3D00CD2C4F /* ResponseMappable.swift */; };
		FE35C5A826575F3D00CD2C4F /* Error+isRequestCancelled.swift in Sources */ = {isa = PBXBuildFile; fileRef = FE35C59826575F3D00CD2C4F /* Error+isRequestCancelled.swift */; };
		FE35C5A926575F3D00CD2C4F /* FullImageUrl.swift in Sources */ = {isa = PBXBuildFile; fileRef = FE35C59926575F3D00CD2C4F /* FullImageUrl.swift */; };
		FE35C5AA26575F3D00CD2C4F /* AuthPlugin.swift in Sources */ = {isa = PBXBuildFile; fileRef = FE35C59B26575F3D00CD2C4F /* AuthPlugin.swift */; };
		FE35C5AB26575F3D00CD2C4F /* GLCrypto.swift in Sources */ = {isa = PBXBuildFile; fileRef = FE35C59C26575F3D00CD2C4F /* GLCrypto.swift */; };
		FE35C5AC26575F3D00CD2C4F /* NetworkService.swift in Sources */ = {isa = PBXBuildFile; fileRef = FE35C59D26575F3D00CD2C4F /* NetworkService.swift */; };
		FE35C5AD26575F3D00CD2C4F /* GlobalFuncs.swift in Sources */ = {isa = PBXBuildFile; fileRef = FE35C59E26575F3D00CD2C4F /* GlobalFuncs.swift */; };
		FE35C5AE26575F3D00CD2C4F /* kConst_json.swift in Sources */ = {isa = PBXBuildFile; fileRef = FE35C59F26575F3D00CD2C4F /* kConst_json.swift */; };
		FE35C5AF26575F3D00CD2C4F /* BaseURLConfig.swift in Sources */ = {isa = PBXBuildFile; fileRef = FE35C5A026575F3D00CD2C4F /* BaseURLConfig.swift */; };
		FE35C5B026575F3D00CD2C4F /* Observable+ProgressResponse.swift in Sources */ = {isa = PBXBuildFile; fileRef = FE35C5A126575F3D00CD2C4F /* Observable+ProgressResponse.swift */; };
		FE35C5B126575F3D00CD2C4F /* ClientInfoService.swift in Sources */ = {isa = PBXBuildFile; fileRef = FE35C5A226575F3D00CD2C4F /* ClientInfoService.swift */; };
		FE35C5F42657615D00CD2C4F /* GloableAPI.swift in Sources */ = {isa = PBXBuildFile; fileRef = FE35C5F32657615D00CD2C4F /* GloableAPI.swift */; };
		FE35C5F62657632100CD2C4F /* LPRequestService.swift in Sources */ = {isa = PBXBuildFile; fileRef = FE35C5F52657632100CD2C4F /* LPRequestService.swift */; };
		FE35C60B2657639500CD2C4F /* UIButton+Loading.swift in Sources */ = {isa = PBXBuildFile; fileRef = FE35C5F82657639500CD2C4F /* UIButton+Loading.swift */; };
		FE35C60C2657639500CD2C4F /* UIImage+ScaleToShare.swift in Sources */ = {isa = PBXBuildFile; fileRef = FE35C5F92657639500CD2C4F /* UIImage+ScaleToShare.swift */; };
		FE35C60E2657639500CD2C4F /* UIImage+QRCode.swift in Sources */ = {isa = PBXBuildFile; fileRef = FE35C5FB2657639500CD2C4F /* UIImage+QRCode.swift */; };
		FE35C60F2657639500CD2C4F /* String+Image.swift in Sources */ = {isa = PBXBuildFile; fileRef = FE35C5FC2657639500CD2C4F /* String+Image.swift */; };
		FE35C6102657639500CD2C4F /* UIButton+IncreaseHitArea.m in Sources */ = {isa = PBXBuildFile; fileRef = FE35C5FD2657639500CD2C4F /* UIButton+IncreaseHitArea.m */; };
		FE35C6122657639500CD2C4F /* UIScrollView+Refresh.swift in Sources */ = {isa = PBXBuildFile; fileRef = FE35C5FF2657639500CD2C4F /* UIScrollView+Refresh.swift */; };
		FE35C6132657639500CD2C4F /* UINavigationController+Ext.swift in Sources */ = {isa = PBXBuildFile; fileRef = FE35C6002657639500CD2C4F /* UINavigationController+Ext.swift */; };
		FE35C6142657639500CD2C4F /* UIColor+Ext.swift in Sources */ = {isa = PBXBuildFile; fileRef = FE35C6012657639500CD2C4F /* UIColor+Ext.swift */; };
		FE35C6152657639500CD2C4F /* UIViewController+Rx.swift in Sources */ = {isa = PBXBuildFile; fileRef = FE35C6022657639500CD2C4F /* UIViewController+Rx.swift */; };
		FE35C6162657639500CD2C4F /* UIFont+Custom.swift in Sources */ = {isa = PBXBuildFile; fileRef = FE35C6032657639500CD2C4F /* UIFont+Custom.swift */; };
		FE35C6172657639500CD2C4F /* JXPagingListSupport.swift in Sources */ = {isa = PBXBuildFile; fileRef = FE35C6042657639500CD2C4F /* JXPagingListSupport.swift */; };
		FE35C6182657639500CD2C4F /* String+Sizing.swift in Sources */ = {isa = PBXBuildFile; fileRef = FE35C6052657639500CD2C4F /* String+Sizing.swift */; };
		FE35C6192657639500CD2C4F /* UIEdgeInsets+Convenience.swift in Sources */ = {isa = PBXBuildFile; fileRef = FE35C6072657639500CD2C4F /* UIEdgeInsets+Convenience.swift */; };
		FE35C61A2657639500CD2C4F /* UIDevice+Ext.swift in Sources */ = {isa = PBXBuildFile; fileRef = FE35C6082657639500CD2C4F /* UIDevice+Ext.swift */; };
		FE35C61B2657639500CD2C4F /* UIImageView+Url.swift in Sources */ = {isa = PBXBuildFile; fileRef = FE35C6092657639500CD2C4F /* UIImageView+Url.swift */; };
		FE35C61C2657639500CD2C4F /* UIViewController+BackButtonHandler.swift in Sources */ = {isa = PBXBuildFile; fileRef = FE35C60A2657639500CD2C4F /* UIViewController+BackButtonHandler.swift */; };
/* End PBXBuildFile section */

/* Begin PBXFileReference section */
		7AB807EA70B117CE8610017C /* Pods-SwiftNetworkingTemp.release.xcconfig */ = {isa = PBXFileReference; includeInIndex = 1; lastKnownFileType = text.xcconfig; name = "Pods-SwiftNetworkingTemp.release.xcconfig"; path = "Target Support Files/Pods-SwiftNetworkingTemp/Pods-SwiftNetworkingTemp.release.xcconfig"; sourceTree = "<group>"; };
		D65B0210E505575321E324B4 /* Pods_SwiftNetworkingTemp.framework */ = {isa = PBXFileReference; explicitFileType = wrapper.framework; includeInIndex = 0; path = Pods_SwiftNetworkingTemp.framework; sourceTree = BUILT_PRODUCTS_DIR; };
		E60851A9CDCDF30209A69599 /* Pods-SwiftNetworkingTemp.debug.xcconfig */ = {isa = PBXFileReference; includeInIndex = 1; lastKnownFileType = text.xcconfig; name = "Pods-SwiftNetworkingTemp.debug.xcconfig"; path = "Target Support Files/Pods-SwiftNetworkingTemp/Pods-SwiftNetworkingTemp.debug.xcconfig"; sourceTree = "<group>"; };
		FE35C57B2657591100CD2C4F /* SwiftNetworkingTemp.app */ = {isa = PBXFileReference; explicitFileType = wrapper.application; includeInIndex = 0; path = SwiftNetworkingTemp.app; sourceTree = BUILT_PRODUCTS_DIR; };
		FE35C57E2657591100CD2C4F /* AppDelegate.swift */ = {isa = PBXFileReference; lastKnownFileType = sourcecode.swift; path = AppDelegate.swift; sourceTree = "<group>"; };
		FE35C5802657591100CD2C4F /* SceneDelegate.swift */ = {isa = PBXFileReference; lastKnownFileType = sourcecode.swift; path = SceneDelegate.swift; sourceTree = "<group>"; };
		FE35C5822657591100CD2C4F /* ViewController.swift */ = {isa = PBXFileReference; lastKnownFileType = sourcecode.swift; path = ViewController.swift; sourceTree = "<group>"; };
		FE35C5852657591100CD2C4F /* Base */ = {isa = PBXFileReference; lastKnownFileType = file.storyboard; name = Base; path = Base.lproj/Main.storyboard; sourceTree = "<group>"; };
		FE35C5872657591200CD2C4F /* Assets.xcassets */ = {isa = PBXFileReference; lastKnownFileType = folder.assetcatalog; path = Assets.xcassets; sourceTree = "<group>"; };
		FE35C58A2657591200CD2C4F /* Base */ = {isa = PBXFileReference; lastKnownFileType = file.storyboard; name = Base; path = Base.lproj/LaunchScreen.storyboard; sourceTree = "<group>"; };
		FE35C58C2657591200CD2C4F /* Info.plist */ = {isa = PBXFileReference; lastKnownFileType = text.plist.xml; path = Info.plist; sourceTree = "<group>"; };
		FE35C59326575F3D00CD2C4F /* Constants.swift */ = {isa = PBXFileReference; fileEncoding = 4; lastKnownFileType = sourcecode.swift; path = Constants.swift; sourceTree = "<group>"; };
		FE35C59426575F3D00CD2C4F /* AuthCredentialManger.swift */ = {isa = PBXFileReference; fileEncoding = 4; lastKnownFileType = sourcecode.swift; path = AuthCredentialManger.swift; sourceTree = "<group>"; };
		FE35C59526575F3D00CD2C4F /* APIError.swift */ = {isa = PBXFileReference; fileEncoding = 4; lastKnownFileType = sourcecode.swift; path = APIError.swift; sourceTree = "<group>"; };
		FE35C59626575F3D00CD2C4F /* RequestRetryHandler.swift */ = {isa = PBXFileReference; fileEncoding = 4; lastKnownFileType = sourcecode.swift; path = RequestRetryHandler.swift; sourceTree = "<group>"; };
		FE35C59726575F3D00CD2C4F /* ResponseMappable.swift */ = {isa = PBXFileReference; fileEncoding = 4; lastKnownFileType = sourcecode.swift; path = ResponseMappable.swift; sourceTree = "<group>"; };
		FE35C59826575F3D00CD2C4F /* Error+isRequestCancelled.swift */ = {isa = PBXFileReference; fileEncoding = 4; lastKnownFileType = sourcecode.swift; path = "Error+isRequestCancelled.swift"; sourceTree = "<group>"; };
		FE35C59926575F3D00CD2C4F /* FullImageUrl.swift */ = {isa = PBXFileReference; fileEncoding = 4; lastKnownFileType = sourcecode.swift; path = FullImageUrl.swift; sourceTree = "<group>"; };
		FE35C59B26575F3D00CD2C4F /* AuthPlugin.swift */ = {isa = PBXFileReference; fileEncoding = 4; lastKnownFileType = sourcecode.swift; path = AuthPlugin.swift; sourceTree = "<group>"; };
		FE35C59C26575F3D00CD2C4F /* GLCrypto.swift */ = {isa = PBXFileReference; fileEncoding = 4; lastKnownFileType = sourcecode.swift; path = GLCrypto.swift; sourceTree = "<group>"; };
		FE35C59D26575F3D00CD2C4F /* NetworkService.swift */ = {isa = PBXFileReference; fileEncoding = 4; lastKnownFileType = sourcecode.swift; path = NetworkService.swift; sourceTree = "<group>"; };
		FE35C59E26575F3D00CD2C4F /* GlobalFuncs.swift */ = {isa = PBXFileReference; fileEncoding = 4; lastKnownFileType = sourcecode.swift; path = GlobalFuncs.swift; sourceTree = "<group>"; };
		FE35C59F26575F3D00CD2C4F /* kConst_json.swift */ = {isa = PBXFileReference; fileEncoding = 4; lastKnownFileType = sourcecode.swift; path = kConst_json.swift; sourceTree = "<group>"; };
		FE35C5A026575F3D00CD2C4F /* BaseURLConfig.swift */ = {isa = PBXFileReference; fileEncoding = 4; lastKnownFileType = sourcecode.swift; path = BaseURLConfig.swift; sourceTree = "<group>"; };
		FE35C5A126575F3D00CD2C4F /* Observable+ProgressResponse.swift */ = {isa = PBXFileReference; fileEncoding = 4; lastKnownFileType = sourcecode.swift; path = "Observable+ProgressResponse.swift"; sourceTree = "<group>"; };
		FE35C5A226575F3D00CD2C4F /* ClientInfoService.swift */ = {isa = PBXFileReference; fileEncoding = 4; lastKnownFileType = sourcecode.swift; path = ClientInfoService.swift; sourceTree = "<group>"; };
		FE35C5F32657615D00CD2C4F /* GloableAPI.swift */ = {isa = PBXFileReference; fileEncoding = 4; lastKnownFileType = sourcecode.swift; path = GloableAPI.swift; sourceTree = "<group>"; };
		FE35C5F52657632100CD2C4F /* LPRequestService.swift */ = {isa = PBXFileReference; fileEncoding = 4; lastKnownFileType = sourcecode.swift; path = LPRequestService.swift; sourceTree = "<group>"; };
		FE35C5F82657639500CD2C4F /* UIButton+Loading.swift */ = {isa = PBXFileReference; fileEncoding = 4; lastKnownFileType = sourcecode.swift; path = "UIButton+Loading.swift"; sourceTree = "<group>"; };
		FE35C5F92657639500CD2C4F /* UIImage+ScaleToShare.swift */ = {isa = PBXFileReference; fileEncoding = 4; lastKnownFileType = sourcecode.swift; path = "UIImage+ScaleToShare.swift"; sourceTree = "<group>"; };
		FE35C5FB2657639500CD2C4F /* UIImage+QRCode.swift */ = {isa = PBXFileReference; fileEncoding = 4; lastKnownFileType = sourcecode.swift; path = "UIImage+QRCode.swift"; sourceTree = "<group>"; };
		FE35C5FC2657639500CD2C4F /* String+Image.swift */ = {isa = PBXFileReference; fileEncoding = 4; lastKnownFileType = sourcecode.swift; path = "String+Image.swift"; sourceTree = "<group>"; };
		FE35C5FD2657639500CD2C4F /* UIButton+IncreaseHitArea.m */ = {isa = PBXFileReference; fileEncoding = 4; lastKnownFileType = sourcecode.c.objc; path = "UIButton+IncreaseHitArea.m"; sourceTree = "<group>"; };
		FE35C5FF2657639500CD2C4F /* UIScrollView+Refresh.swift */ = {isa = PBXFileReference; fileEncoding = 4; lastKnownFileType = sourcecode.swift; path = "UIScrollView+Refresh.swift"; sourceTree = "<group>"; };
		FE35C6002657639500CD2C4F /* UINavigationController+Ext.swift */ = {isa = PBXFileReference; fileEncoding = 4; lastKnownFileType = sourcecode.swift; path = "UINavigationController+Ext.swift"; sourceTree = "<group>"; };
		FE35C6012657639500CD2C4F /* UIColor+Ext.swift */ = {isa = PBXFileReference; fileEncoding = 4; lastKnownFileType = sourcecode.swift; path = "UIColor+Ext.swift"; sourceTree = "<group>"; };
		FE35C6022657639500CD2C4F /* UIViewController+Rx.swift */ = {isa = PBXFileReference; fileEncoding = 4; lastKnownFileType = sourcecode.swift; path = "UIViewController+Rx.swift"; sourceTree = "<group>"; };
		FE35C6032657639500CD2C4F /* UIFont+Custom.swift */ = {isa = PBXFileReference; fileEncoding = 4; lastKnownFileType = sourcecode.swift; path = "UIFont+Custom.swift"; sourceTree = "<group>"; };
		FE35C6042657639500CD2C4F /* JXPagingListSupport.swift */ = {isa = PBXFileReference; fileEncoding = 4; lastKnownFileType = sourcecode.swift; path = JXPagingListSupport.swift; sourceTree = "<group>"; };
		FE35C6052657639500CD2C4F /* String+Sizing.swift */ = {isa = PBXFileReference; fileEncoding = 4; lastKnownFileType = sourcecode.swift; path = "String+Sizing.swift"; sourceTree = "<group>"; };
		FE35C6062657639500CD2C4F /* UIButton+IncreaseHitArea.h */ = {isa = PBXFileReference; fileEncoding = 4; lastKnownFileType = sourcecode.c.h; path = "UIButton+IncreaseHitArea.h"; sourceTree = "<group>"; };
		FE35C6072657639500CD2C4F /* UIEdgeInsets+Convenience.swift */ = {isa = PBXFileReference; fileEncoding = 4; lastKnownFileType = sourcecode.swift; path = "UIEdgeInsets+Convenience.swift"; sourceTree = "<group>"; };
		FE35C6082657639500CD2C4F /* UIDevice+Ext.swift */ = {isa = PBXFileReference; fileEncoding = 4; lastKnownFileType = sourcecode.swift; path = "UIDevice+Ext.swift"; sourceTree = "<group>"; };
		FE35C6092657639500CD2C4F /* UIImageView+Url.swift */ = {isa = PBXFileReference; fileEncoding = 4; lastKnownFileType = sourcecode.swift; path = "UIImageView+Url.swift"; sourceTree = "<group>"; };
		FE35C60A2657639500CD2C4F /* UIViewController+BackButtonHandler.swift */ = {isa = PBXFileReference; fileEncoding = 4; lastKnownFileType = sourcecode.swift; path = "UIViewController+BackButtonHandler.swift"; sourceTree = "<group>"; };
/* End PBXFileReference section */

/* Begin PBXFrameworksBuildPhase section */
		FE35C5782657591100CD2C4F /* Frameworks */ = {
			isa = PBXFrameworksBuildPhase;
			buildActionMask = 2147483647;
			files = (
				15029F5480116C0CBF6BC3B7 /* Pods_SwiftNetworkingTemp.framework in Frameworks */,
			);
			runOnlyForDeploymentPostprocessing = 0;
		};
/* End PBXFrameworksBuildPhase section */

/* Begin PBXGroup section */
		03D7D9CC3F5BE031E15DA122 /* Frameworks */ = {
			isa = PBXGroup;
			children = (
				D65B0210E505575321E324B4 /* Pods_SwiftNetworkingTemp.framework */,
			);
			name = Frameworks;
			sourceTree = "<group>";
		};
		CE66B45027D1E5C14D325324 /* Pods */ = {
			isa = PBXGroup;
			children = (
				E60851A9CDCDF30209A69599 /* Pods-SwiftNetworkingTemp.debug.xcconfig */,
				7AB807EA70B117CE8610017C /* Pods-SwiftNetworkingTemp.release.xcconfig */,
			);
			path = Pods;
			sourceTree = "<group>";
		};
		FE35C5722657591100CD2C4F = {
			isa = PBXGroup;
			children = (
				FE35C57D2657591100CD2C4F /* SwiftNetworkingTemp */,
				FE35C57C2657591100CD2C4F /* Products */,
				CE66B45027D1E5C14D325324 /* Pods */,
				03D7D9CC3F5BE031E15DA122 /* Frameworks */,
			);
			sourceTree = "<group>";
		};
		FE35C57C2657591100CD2C4F /* Products */ = {
			isa = PBXGroup;
			children = (
				FE35C57B2657591100CD2C4F /* SwiftNetworkingTemp.app */,
			);
			name = Products;
			sourceTree = "<group>";
		};
		FE35C57D2657591100CD2C4F /* SwiftNetworkingTemp */ = {
			isa = PBXGroup;
			children = (
				FE35C59226575F3D00CD2C4F /* Tools */,
				FE35C57E2657591100CD2C4F /* AppDelegate.swift */,
				FE35C5F52657632100CD2C4F /* LPRequestService.swift */,
				FE35C5F32657615D00CD2C4F /* GloableAPI.swift */,
				FE35C5802657591100CD2C4F /* SceneDelegate.swift */,
				FE35C5822657591100CD2C4F /* ViewController.swift */,
				FE35C5842657591100CD2C4F /* Main.storyboard */,
				FE35C5872657591200CD2C4F /* Assets.xcassets */,
				FE35C5892657591200CD2C4F /* LaunchScreen.storyboard */,
				FE35C58C2657591200CD2C4F /* Info.plist */,
			);
			path = SwiftNetworkingTemp;
			sourceTree = "<group>";
		};
		FE35C59226575F3D00CD2C4F /* Tools */ = {
			isa = PBXGroup;
			children = (
				FE35C5F72657639500CD2C4F /* UIKit */,
				FE35C59326575F3D00CD2C4F /* Constants.swift */,
				FE35C59426575F3D00CD2C4F /* AuthCredentialManger.swift */,
				FE35C59526575F3D00CD2C4F /* APIError.swift */,
				FE35C59626575F3D00CD2C4F /* RequestRetryHandler.swift */,
				FE35C59726575F3D00CD2C4F /* ResponseMappable.swift */,
				FE35C59826575F3D00CD2C4F /* Error+isRequestCancelled.swift */,
				FE35C59926575F3D00CD2C4F /* FullImageUrl.swift */,
				FE35C59A26575F3D00CD2C4F /* MoyaPlugins */,
				FE35C59C26575F3D00CD2C4F /* GLCrypto.swift */,
				FE35C59D26575F3D00CD2C4F /* NetworkService.swift */,
				FE35C59E26575F3D00CD2C4F /* GlobalFuncs.swift */,
				FE35C59F26575F3D00CD2C4F /* kConst_json.swift */,
				FE35C5A026575F3D00CD2C4F /* BaseURLConfig.swift */,
				FE35C5A126575F3D00CD2C4F /* Observable+ProgressResponse.swift */,
				FE35C5A226575F3D00CD2C4F /* ClientInfoService.swift */,
			);
			path = Tools;
			sourceTree = "<group>";
		};
		FE35C59A26575F3D00CD2C4F /* MoyaPlugins */ = {
			isa = PBXGroup;
			children = (
				FE35C59B26575F3D00CD2C4F /* AuthPlugin.swift */,
			);
			path = MoyaPlugins;
			sourceTree = "<group>";
		};
		FE35C5F72657639500CD2C4F /* UIKit */ = {
			isa = PBXGroup;
			children = (
				FE35C5F82657639500CD2C4F /* UIButton+Loading.swift */,
				FE35C5F92657639500CD2C4F /* UIImage+ScaleToShare.swift */,
				FE35C5FB2657639500CD2C4F /* UIImage+QRCode.swift */,
				FE35C5FC2657639500CD2C4F /* String+Image.swift */,
				FE35C5FD2657639500CD2C4F /* UIButton+IncreaseHitArea.m */,
				FE35C5FF2657639500CD2C4F /* UIScrollView+Refresh.swift */,
				FE35C6002657639500CD2C4F /* UINavigationController+Ext.swift */,
				FE35C6012657639500CD2C4F /* UIColor+Ext.swift */,
				FE35C6022657639500CD2C4F /* UIViewController+Rx.swift */,
				FE35C6032657639500CD2C4F /* UIFont+Custom.swift */,
				FE35C6042657639500CD2C4F /* JXPagingListSupport.swift */,
				FE35C6052657639500CD2C4F /* String+Sizing.swift */,
				FE35C6062657639500CD2C4F /* UIButton+IncreaseHitArea.h */,
				FE35C6072657639500CD2C4F /* UIEdgeInsets+Convenience.swift */,
				FE35C6082657639500CD2C4F /* UIDevice+Ext.swift */,
				FE35C6092657639500CD2C4F /* UIImageView+Url.swift */,
				FE35C60A2657639500CD2C4F /* UIViewController+BackButtonHandler.swift */,
			);
			path = UIKit;
			sourceTree = "<group>";
		};
/* End PBXGroup section */

/* Begin PBXNativeTarget section */
		FE35C57A2657591100CD2C4F /* SwiftNetworkingTemp */ = {
			isa = PBXNativeTarget;
			buildConfigurationList = FE35C58F2657591200CD2C4F /* Build configuration list for PBXNativeTarget "SwiftNetworkingTemp" */;
			buildPhases = (
				85881445D2A4667945558E55 /* [CP] Check Pods Manifest.lock */,
				FE35C5772657591100CD2C4F /* Sources */,
				FE35C5782657591100CD2C4F /* Frameworks */,
				FE35C5792657591100CD2C4F /* Resources */,
				BE619F4AD06C77CAE7926552 /* [CP] Embed Pods Frameworks */,
			);
			buildRules = (
			);
			dependencies = (
			);
			name = SwiftNetworkingTemp;
			productName = SwiftNetworkingTemp;
			productReference = FE35C57B2657591100CD2C4F /* SwiftNetworkingTemp.app */;
			productType = "com.apple.product-type.application";
		};
/* End PBXNativeTarget section */

/* Begin PBXProject section */
		FE35C5732657591100CD2C4F /* Project object */ = {
			isa = PBXProject;
			attributes = {
				LastSwiftUpdateCheck = 1250;
				LastUpgradeCheck = 1250;
				TargetAttributes = {
					FE35C57A2657591100CD2C4F = {
						CreatedOnToolsVersion = 12.5;
					};
				};
			};
			buildConfigurationList = FE35C5762657591100CD2C4F /* Build configuration list for PBXProject "SwiftNetworkingTemp" */;
			compatibilityVersion = "Xcode 9.3";
			developmentRegion = en;
			hasScannedForEncodings = 0;
			knownRegions = (
				en,
				Base,
			);
			mainGroup = FE35C5722657591100CD2C4F;
			productRefGroup = FE35C57C2657591100CD2C4F /* Products */;
			projectDirPath = "";
			projectRoot = "";
			targets = (
				FE35C57A2657591100CD2C4F /* SwiftNetworkingTemp */,
			);
		};
/* End PBXProject section */

/* Begin PBXResourcesBuildPhase section */
		FE35C5792657591100CD2C4F /* Resources */ = {
			isa = PBXResourcesBuildPhase;
			buildActionMask = 2147483647;
			files = (
				FE35C58B2657591200CD2C4F /* LaunchScreen.storyboard in Resources */,
				FE35C5882657591200CD2C4F /* Assets.xcassets in Resources */,
				FE35C5862657591100CD2C4F /* Main.storyboard in Resources */,
			);
			runOnlyForDeploymentPostprocessing = 0;
		};
/* End PBXResourcesBuildPhase section */

/* Begin PBXShellScriptBuildPhase section */
		85881445D2A4667945558E55 /* [CP] Check Pods Manifest.lock */ = {
			isa = PBXShellScriptBuildPhase;
			buildActionMask = 2147483647;
			files = (
			);
			inputFileListPaths = (
			);
			inputPaths = (
				"${PODS_PODFILE_DIR_PATH}/Podfile.lock",
				"${PODS_ROOT}/Manifest.lock",
			);
			name = "[CP] Check Pods Manifest.lock";
			outputFileListPaths = (
			);
			outputPaths = (
				"$(DERIVED_FILE_DIR)/Pods-SwiftNetworkingTemp-checkManifestLockResult.txt",
			);
			runOnlyForDeploymentPostprocessing = 0;
			shellPath = /bin/sh;
			shellScript = "diff \"${PODS_PODFILE_DIR_PATH}/Podfile.lock\" \"${PODS_ROOT}/Manifest.lock\" > /dev/null\nif [ $? != 0 ] ; then\n    # print error to STDERR\n    echo \"error: The sandbox is not in sync with the Podfile.lock. Run 'pod install' or update your CocoaPods installation.\" >&2\n    exit 1\nfi\n# This output is used by Xcode 'outputs' to avoid re-running this script phase.\necho \"SUCCESS\" > \"${SCRIPT_OUTPUT_FILE_0}\"\n";
			showEnvVarsInLog = 0;
		};
		BE619F4AD06C77CAE7926552 /* [CP] Embed Pods Frameworks */ = {
			isa = PBXShellScriptBuildPhase;
			buildActionMask = 2147483647;
			files = (
			);
			inputFileListPaths = (
				"${PODS_ROOT}/Target Support Files/Pods-SwiftNetworkingTemp/Pods-SwiftNetworkingTemp-frameworks-${CONFIGURATION}-input-files.xcfilelist",
			);
			name = "[CP] Embed Pods Frameworks";
			outputFileListPaths = (
				"${PODS_ROOT}/Target Support Files/Pods-SwiftNetworkingTemp/Pods-SwiftNetworkingTemp-frameworks-${CONFIGURATION}-output-files.xcfilelist",
			);
			runOnlyForDeploymentPostprocessing = 0;
			shellPath = /bin/sh;
			shellScript = "\"${PODS_ROOT}/Target Support Files/Pods-SwiftNetworkingTemp/Pods-SwiftNetworkingTemp-frameworks.sh\"\n";
			showEnvVarsInLog = 0;
		};
/* End PBXShellScriptBuildPhase section */

/* Begin PBXSourcesBuildPhase section */
		FE35C5772657591100CD2C4F /* Sources */ = {
			isa = PBXSourcesBuildPhase;
			buildActionMask = 2147483647;
			files = (
				FE35C60F2657639500CD2C4F /* String+Image.swift in Sources */,
				FE35C60B2657639500CD2C4F /* UIButton+Loading.swift in Sources */,
				FE35C5A626575F3D00CD2C4F /* RequestRetryHandler.swift in Sources */,
				FE35C5B026575F3D00CD2C4F /* Observable+ProgressResponse.swift in Sources */,
				FE35C5832657591100CD2C4F /* ViewController.swift in Sources */,
				FE35C5AF26575F3D00CD2C4F /* BaseURLConfig.swift in Sources */,
				FE35C6152657639500CD2C4F /* UIViewController+Rx.swift in Sources */,
				FE35C6142657639500CD2C4F /* UIColor+Ext.swift in Sources */,
				FE35C61B2657639500CD2C4F /* UIImageView+Url.swift in Sources */,
				FE35C5A726575F3D00CD2C4F /* ResponseMappable.swift in Sources */,
				FE35C5A826575F3D00CD2C4F /* Error+isRequestCancelled.swift in Sources */,
				FE35C5B126575F3D00CD2C4F /* ClientInfoService.swift in Sources */,
				FE35C57F2657591100CD2C4F /* AppDelegate.swift in Sources */,
				FE35C5AB26575F3D00CD2C4F /* GLCrypto.swift in Sources */,
				FE35C5812657591100CD2C4F /* SceneDelegate.swift in Sources */,
				FE35C6102657639500CD2C4F /* UIButton+IncreaseHitArea.m in Sources */,
				FE35C5AE26575F3D00CD2C4F /* kConst_json.swift in Sources */,
				FE35C61A2657639500CD2C4F /* UIDevice+Ext.swift in Sources */,
				FE35C6192657639500CD2C4F /* UIEdgeInsets+Convenience.swift in Sources */,
				FE35C5AA26575F3D00CD2C4F /* AuthPlugin.swift in Sources */,
				FE35C5A326575F3D00CD2C4F /* Constants.swift in Sources */,
				FE35C5F62657632100CD2C4F /* LPRequestService.swift in Sources */,
				FE35C60C2657639500CD2C4F /* UIImage+ScaleToShare.swift in Sources */,
				FE35C5A426575F3D00CD2C4F /* AuthCredentialManger.swift in Sources */,
				FE35C61C2657639500CD2C4F /* UIViewController+BackButtonHandler.swift in Sources */,
				FE35C5F42657615D00CD2C4F /* GloableAPI.swift in Sources */,
				FE35C6122657639500CD2C4F /* UIScrollView+Refresh.swift in Sources */,
				FE35C5A926575F3D00CD2C4F /* FullImageUrl.swift in Sources */,
				FE35C5AC26575F3D00CD2C4F /* NetworkService.swift in Sources */,
				FE35C6182657639500CD2C4F /* String+Sizing.swift in Sources */,
				FE35C6132657639500CD2C4F /* UINavigationController+Ext.swift in Sources */,
				FE35C6172657639500CD2C4F /* JXPagingListSupport.swift in Sources */,
				FE35C60E2657639500CD2C4F /* UIImage+QRCode.swift in Sources */,
				FE35C5AD26575F3D00CD2C4F /* GlobalFuncs.swift in Sources */,
				FE35C6162657639500CD2C4F /* UIFont+Custom.swift in Sources */,
				FE35C5A526575F3D00CD2C4F /* APIError.swift in Sources */,
			);
			runOnlyForDeploymentPostprocessing = 0;
		};
/* End PBXSourcesBuildPhase section */

/* Begin PBXVariantGroup section */
		FE35C5842657591100CD2C4F /* Main.storyboard */ = {
			isa = PBXVariantGroup;
			children = (
				FE35C5852657591100CD2C4F /* Base */,
			);
			name = Main.storyboard;
			sourceTree = "<group>";
		};
		FE35C5892657591200CD2C4F /* LaunchScreen.storyboard */ = {
			isa = PBXVariantGroup;
			children = (
				FE35C58A2657591200CD2C4F /* Base */,
			);
			name = LaunchScreen.storyboard;
			sourceTree = "<group>";
		};
/* End PBXVariantGroup section */

/* Begin XCBuildConfiguration section */
		FE35C58D2657591200CD2C4F /* Debug */ = {
			isa = XCBuildConfiguration;
			buildSettings = {
				ALWAYS_SEARCH_USER_PATHS = NO;
				CLANG_ANALYZER_NONNULL = YES;
				CLANG_ANALYZER_NUMBER_OBJECT_CONVERSION = YES_AGGRESSIVE;
				CLANG_CXX_LANGUAGE_STANDARD = "gnu++14";
				CLANG_CXX_LIBRARY = "libc++";
				CLANG_ENABLE_MODULES = YES;
				CLANG_ENABLE_OBJC_ARC = YES;
				CLANG_ENABLE_OBJC_WEAK = YES;
				CLANG_WARN_BLOCK_CAPTURE_AUTORELEASING = YES;
				CLANG_WARN_BOOL_CONVERSION = YES;
				CLANG_WARN_COMMA = YES;
				CLANG_WARN_CONSTANT_CONVERSION = YES;
				CLANG_WARN_DEPRECATED_OBJC_IMPLEMENTATIONS = YES;
				CLANG_WARN_DIRECT_OBJC_ISA_USAGE = YES_ERROR;
				CLANG_WARN_DOCUMENTATION_COMMENTS = YES;
				CLANG_WARN_EMPTY_BODY = YES;
				CLANG_WARN_ENUM_CONVERSION = YES;
				CLANG_WARN_INFINITE_RECURSION = YES;
				CLANG_WARN_INT_CONVERSION = YES;
				CLANG_WARN_NON_LITERAL_NULL_CONVERSION = YES;
				CLANG_WARN_OBJC_IMPLICIT_RETAIN_SELF = YES;
				CLANG_WARN_OBJC_LITERAL_CONVERSION = YES;
				CLANG_WARN_OBJC_ROOT_CLASS = YES_ERROR;
				CLANG_WARN_QUOTED_INCLUDE_IN_FRAMEWORK_HEADER = YES;
				CLANG_WARN_RANGE_LOOP_ANALYSIS = YES;
				CLANG_WARN_STRICT_PROTOTYPES = YES;
				CLANG_WARN_SUSPICIOUS_MOVE = YES;
				CLANG_WARN_UNGUARDED_AVAILABILITY = YES_AGGRESSIVE;
				CLANG_WARN_UNREACHABLE_CODE = YES;
				CLANG_WARN__DUPLICATE_METHOD_MATCH = YES;
				COPY_PHASE_STRIP = NO;
				DEBUG_INFORMATION_FORMAT = dwarf;
				ENABLE_STRICT_OBJC_MSGSEND = YES;
				ENABLE_TESTABILITY = YES;
				GCC_C_LANGUAGE_STANDARD = gnu11;
				GCC_DYNAMIC_NO_PIC = NO;
				GCC_NO_COMMON_BLOCKS = YES;
				GCC_OPTIMIZATION_LEVEL = 0;
				GCC_PREPROCESSOR_DEFINITIONS = (
					"DEBUG=1",
					"$(inherited)",
				);
				GCC_WARN_64_TO_32_BIT_CONVERSION = YES;
				GCC_WARN_ABOUT_RETURN_TYPE = YES_ERROR;
				GCC_WARN_UNDECLARED_SELECTOR = YES;
				GCC_WARN_UNINITIALIZED_AUTOS = YES_AGGRESSIVE;
				GCC_WARN_UNUSED_FUNCTION = YES;
				GCC_WARN_UNUSED_VARIABLE = YES;
				IPHONEOS_DEPLOYMENT_TARGET = 14.5;
				MTL_ENABLE_DEBUG_INFO = INCLUDE_SOURCE;
				MTL_FAST_MATH = YES;
				ONLY_ACTIVE_ARCH = YES;
				SDKROOT = iphoneos;
				SWIFT_ACTIVE_COMPILATION_CONDITIONS = DEBUG;
				SWIFT_OPTIMIZATION_LEVEL = "-Onone";
			};
			name = Debug;
		};
		FE35C58E2657591200CD2C4F /* Release */ = {
			isa = XCBuildConfiguration;
			buildSettings = {
				ALWAYS_SEARCH_USER_PATHS = NO;
				CLANG_ANALYZER_NONNULL = YES;
				CLANG_ANALYZER_NUMBER_OBJECT_CONVERSION = YES_AGGRESSIVE;
				CLANG_CXX_LANGUAGE_STANDARD = "gnu++14";
				CLANG_CXX_LIBRARY = "libc++";
				CLANG_ENABLE_MODULES = YES;
				CLANG_ENABLE_OBJC_ARC = YES;
				CLANG_ENABLE_OBJC_WEAK = YES;
				CLANG_WARN_BLOCK_CAPTURE_AUTORELEASING = YES;
				CLANG_WARN_BOOL_CONVERSION = YES;
				CLANG_WARN_COMMA = YES;
				CLANG_WARN_CONSTANT_CONVERSION = YES;
				CLANG_WARN_DEPRECATED_OBJC_IMPLEMENTATIONS = YES;
				CLANG_WARN_DIRECT_OBJC_ISA_USAGE = YES_ERROR;
				CLANG_WARN_DOCUMENTATION_COMMENTS = YES;
				CLANG_WARN_EMPTY_BODY = YES;
				CLANG_WARN_ENUM_CONVERSION = YES;
				CLANG_WARN_INFINITE_RECURSION = YES;
				CLANG_WARN_INT_CONVERSION = YES;
				CLANG_WARN_NON_LITERAL_NULL_CONVERSION = YES;
				CLANG_WARN_OBJC_IMPLICIT_RETAIN_SELF = YES;
				CLANG_WARN_OBJC_LITERAL_CONVERSION = YES;
				CLANG_WARN_OBJC_ROOT_CLASS = YES_ERROR;
				CLANG_WARN_QUOTED_INCLUDE_IN_FRAMEWORK_HEADER = YES;
				CLANG_WARN_RANGE_LOOP_ANALYSIS = YES;
				CLANG_WARN_STRICT_PROTOTYPES = YES;
				CLANG_WARN_SUSPICIOUS_MOVE = YES;
				CLANG_WARN_UNGUARDED_AVAILABILITY = YES_AGGRESSIVE;
				CLANG_WARN_UNREACHABLE_CODE = YES;
				CLANG_WARN__DUPLICATE_METHOD_MATCH = YES;
				COPY_PHASE_STRIP = NO;
				DEBUG_INFORMATION_FORMAT = "dwarf-with-dsym";
				ENABLE_NS_ASSERTIONS = NO;
				ENABLE_STRICT_OBJC_MSGSEND = YES;
				GCC_C_LANGUAGE_STANDARD = gnu11;
				GCC_NO_COMMON_BLOCKS = YES;
				GCC_WARN_64_TO_32_BIT_CONVERSION = YES;
				GCC_WARN_ABOUT_RETURN_TYPE = YES_ERROR;
				GCC_WARN_UNDECLARED_SELECTOR = YES;
				GCC_WARN_UNINITIALIZED_AUTOS = YES_AGGRESSIVE;
				GCC_WARN_UNUSED_FUNCTION = YES;
				GCC_WARN_UNUSED_VARIABLE = YES;
				IPHONEOS_DEPLOYMENT_TARGET = 14.5;
				MTL_ENABLE_DEBUG_INFO = NO;
				MTL_FAST_MATH = YES;
				SDKROOT = iphoneos;
				SWIFT_COMPILATION_MODE = wholemodule;
				SWIFT_OPTIMIZATION_LEVEL = "-O";
				VALIDATE_PRODUCT = YES;
			};
			name = Release;
		};
		FE35C5902657591200CD2C4F /* Debug */ = {
			isa = XCBuildConfiguration;
			baseConfigurationReference = E60851A9CDCDF30209A69599 /* Pods-SwiftNetworkingTemp.debug.xcconfig */;
			buildSettings = {
				ASSETCATALOG_COMPILER_APPICON_NAME = AppIcon;
				ASSETCATALOG_COMPILER_GLOBAL_ACCENT_COLOR_NAME = AccentColor;
				CODE_SIGN_STYLE = Automatic;
				DEVELOPMENT_TEAM = TEA4KWX63Q;
				INFOPLIST_FILE = SwiftNetworkingTemp/Info.plist;
				LD_RUNPATH_SEARCH_PATHS = (
					"$(inherited)",
					"@executable_path/Frameworks",
				);
				PRODUCT_BUNDLE_IDENTIFIER = com.lsp.mobile.SwiftNetworkingTemp;
				PRODUCT_NAME = "$(TARGET_NAME)";
				SWIFT_VERSION = 5.0;
				TARGETED_DEVICE_FAMILY = "1,2";
			};
			name = Debug;
		};
		FE35C5912657591200CD2C4F /* Release */ = {
			isa = XCBuildConfiguration;
			baseConfigurationReference = 7AB807EA70B117CE8610017C /* Pods-SwiftNetworkingTemp.release.xcconfig */;
			buildSettings = {
				ASSETCATALOG_COMPILER_APPICON_NAME = AppIcon;
				ASSETCATALOG_COMPILER_GLOBAL_ACCENT_COLOR_NAME = AccentColor;
				CODE_SIGN_STYLE = Automatic;
				DEVELOPMENT_TEAM = TEA4KWX63Q;
				INFOPLIST_FILE = SwiftNetworkingTemp/Info.plist;
				LD_RUNPATH_SEARCH_PATHS = (
					"$(inherited)",
					"@executable_path/Frameworks",
				);
				PRODUCT_BUNDLE_IDENTIFIER = com.lsp.mobile.SwiftNetworkingTemp;
				PRODUCT_NAME = "$(TARGET_NAME)";
				SWIFT_VERSION = 5.0;
				TARGETED_DEVICE_FAMILY = "1,2";
			};
			name = Release;
		};
/* End XCBuildConfiguration section */

/* Begin XCConfigurationList section */
		FE35C5762657591100CD2C4F /* Build configuration list for PBXProject "SwiftNetworkingTemp" */ = {
			isa = XCConfigurationList;
			buildConfigurations = (
				FE35C58D2657591200CD2C4F /* Debug */,
				FE35C58E2657591200CD2C4F /* Release */,
			);
			defaultConfigurationIsVisible = 0;
			defaultConfigurationName = Release;
		};
		FE35C58F2657591200CD2C4F /* Build configuration list for PBXNativeTarget "SwiftNetworkingTemp" */ = {
			isa = XCConfigurationList;
			buildConfigurations = (
				FE35C5902657591200CD2C4F /* Debug */,
				FE35C5912657591200CD2C4F /* Release */,
			);
			defaultConfigurationIsVisible = 0;
			defaultConfigurationName = Release;
		};
/* End XCConfigurationList section */
	};
	rootObject = FE35C5732657591100CD2C4F /* Project object */;
}
